
Microsoft Visual Studio Solution File, Format Version 12.00
Project("{FAE04EC0-301F-11D3-BF4B-00C04F79EFBC}") = "WebDiplomaWork", "WebDiplomaWork\WebDiplomaWork.csproj", "{03D1C1F5-B627-44E1-8B66-C1DAB7E09D59}"
EndProject
Project("{FAE04EC0-301F-11D3-BF4B-00C04F79EFBC}") = "Domain", "Domain\Domain.csproj", "{BCA51504-5503-426E-BFDF-52A4CF6773F3}"
EndProject
Project("{FAE04EC0-301F-11D3-BF4B-00C04F79EFBC}") = "App", "App\App.csproj", "{E4D895D2-A507-40E1-81A6-BB48CCDB5B56}"
EndProject
Project("{FAE04EC0-301F-11D3-BF4B-00C04F79EFBC}") = "Infrastructure", "Infrastructure\Infrastructure.csproj", "{62AC1EDD-EA83-4DE6-9607-BAFAAB898BBA}"
EndProject
Global
	GlobalSection(SolutionConfigurationPlatforms) = preSolution
		Debug|Any CPU = Debug|Any CPU
		Release|Any CPU = Release|Any CPU
	EndGlobalSection
	GlobalSection(ProjectConfigurationPlatforms) = postSolution
		{03D1C1F5-B627-44E1-8B66-C1DAB7E09D59}.Debug|Any CPU.ActiveCfg = Debug|Any CPU
		{03D1C1F5-B627-44E1-8B66-C1DAB7E09D59}.Debug|Any CPU.Build.0 = Debug|Any CPU
		{03D1C1F5-B627-44E1-8B66-C1DAB7E09D59}.Release|Any CPU.ActiveCfg = Release|Any CPU
		{03D1C1F5-B627-44E1-8B66-C1DAB7E09D59}.Release|Any CPU.Build.0 = Release|Any CPU
		{BCA51504-5503-426E-BFDF-52A4CF6773F3}.Debug|Any CPU.ActiveCfg = Debug|Any CPU
		{BCA51504-5503-426E-BFDF-52A4CF6773F3}.Debug|Any CPU.Build.0 = Debug|Any CPU
		{BCA51504-5503-426E-BFDF-52A4CF6773F3}.Release|Any CPU.ActiveCfg = Release|Any CPU
		{BCA51504-5503-426E-BFDF-52A4CF6773F3}.Release|Any CPU.Build.0 = Release|Any CPU
		{E4D895D2-A507-40E1-81A6-BB48CCDB5B56}.Debug|Any CPU.ActiveCfg = Debug|Any CPU
		{E4D895D2-A507-40E1-81A6-BB48CCDB5B56}.Debug|Any CPU.Build.0 = Debug|Any CPU
		{E4D895D2-A507-40E1-81A6-BB48CCDB5B56}.Release|Any CPU.ActiveCfg = Release|Any CPU
		{E4D895D2-A507-40E1-81A6-BB48CCDB5B56}.Release|Any CPU.Build.0 = Release|Any CPU
		{62AC1EDD-EA83-4DE6-9607-BAFAAB898BBA}.Debug|Any CPU.ActiveCfg = Debug|Any CPU
		{62AC1EDD-EA83-4DE6-9607-BAFAAB898BBA}.Debug|Any CPU.Build.0 = Debug|Any CPU
		{62AC1EDD-EA83-4DE6-9607-BAFAAB898BBA}.Release|Any CPU.ActiveCfg = Release|Any CPU
		{62AC1EDD-EA83-4DE6-9607-BAFAAB898BBA}.Release|Any CPU.Build.0 = Release|Any CPU
	EndGlobalSection
	GlobalSection(NestedProjects) = preSolution
	EndGlobalSection
EndGlobal
