
Microsoft Visual Studio Solution File, Format Version 12.00
Project("{2150E333-8FDC-42A3-9474-1A3956D46DE8}") = "Tests", "Tests", "{D51AF014-7494-4EFE-9AD3-708E68BAF86C}"
	ProjectSection(SolutionItems) = preProject
		Tests\README.md = Tests\README.md
	EndProjectSection
EndProject
Project("{2150E333-8FDC-42A3-9474-1A3956D46DE8}") = "Src", "Src", "{DC8ADF5C-7BBF-4221-94F1-E866B22EC165}"
EndProject
Project("{2150E333-8FDC-42A3-9474-1A3956D46DE8}") = "Core", "Core", "{22A4B014-8946-459F-8B55-BF0AA1AF7FBE}"
EndProject
Project("{2150E333-8FDC-42A3-9474-1A3956D46DE8}") = "Infrastructure", "Infrastructure", "{00EC4E8C-5465-4ED6-80CC-A768DF6B1FB7}"
EndProject
Project("{2150E333-8FDC-42A3-9474-1A3956D46DE8}") = "Presentation", "Presentation", "{06B09DC5-5E8D-4C41-9559-1CDE7D8C3390}"
EndProject
Project("{FAE04EC0-301F-11D3-BF4B-00C04F79EFBC}") = "Domain", "Src\Domain\Domain.csproj", "{6A9EC4EA-193A-493B-97AE-433D315EF598}"
EndProject
Project("{FAE04EC0-301F-11D3-BF4B-00C04F79EFBC}") = "Application", "Src\Application\Application.csproj", "{754E9FF8-93F4-41F8-95D2-E7A4C0928D36}"
EndProject
Project("{FAE04EC0-301F-11D3-BF4B-00C04F79EFBC}") = "Infrastructure", "Src\Infrastructure\Infrastructure.csproj", "{9B95A8B4-7E5E-4DA5-9B91-F45D85E2CC8E}"
EndProject
Project("{FAE04EC0-301F-11D3-BF4B-00C04F79EFBC}") = "WebDiplomaWork", "Src\WebDiplomaWork\WebDiplomaWork.csproj", "{EDB3C722-B9F8-4FB2-924D-2D1DF0C12767}"
EndProject
Project("{2150E333-8FDC-42A3-9474-1A3956D46DE8}") = "Docs", "Docs", "{3480B6A4-E7C9-4A68-B6E6-C42AE08D662F}"
	ProjectSection(SolutionItems) = preProject
		Docs\README.md = Docs\README.md
		README.md = README.md
	EndProjectSection
EndProject
Global
	GlobalSection(SolutionConfigurationPlatforms) = preSolution
		Debug|Any CPU = Debug|Any CPU
		Release|Any CPU = Release|Any CPU
	EndGlobalSection
	GlobalSection(ProjectConfigurationPlatforms) = postSolution
		{6A9EC4EA-193A-493B-97AE-433D315EF598}.Debug|Any CPU.ActiveCfg = Debug|Any CPU
		{6A9EC4EA-193A-493B-97AE-433D315EF598}.Debug|Any CPU.Build.0 = Debug|Any CPU
		{6A9EC4EA-193A-493B-97AE-433D315EF598}.Release|Any CPU.ActiveCfg = Release|Any CPU
		{6A9EC4EA-193A-493B-97AE-433D315EF598}.Release|Any CPU.Build.0 = Release|Any CPU
		{754E9FF8-93F4-41F8-95D2-E7A4C0928D36}.Debug|Any CPU.ActiveCfg = Debug|Any CPU
		{754E9FF8-93F4-41F8-95D2-E7A4C0928D36}.Debug|Any CPU.Build.0 = Debug|Any CPU
		{754E9FF8-93F4-41F8-95D2-E7A4C0928D36}.Release|Any CPU.ActiveCfg = Release|Any CPU
		{754E9FF8-93F4-41F8-95D2-E7A4C0928D36}.Release|Any CPU.Build.0 = Release|Any CPU
		{9B95A8B4-7E5E-4DA5-9B91-F45D85E2CC8E}.Debug|Any CPU.ActiveCfg = Debug|Any CPU
		{9B95A8B4-7E5E-4DA5-9B91-F45D85E2CC8E}.Debug|Any CPU.Build.0 = Debug|Any CPU
		{9B95A8B4-7E5E-4DA5-9B91-F45D85E2CC8E}.Release|Any CPU.ActiveCfg = Release|Any CPU
		{9B95A8B4-7E5E-4DA5-9B91-F45D85E2CC8E}.Release|Any CPU.Build.0 = Release|Any CPU
		{EDB3C722-B9F8-4FB2-924D-2D1DF0C12767}.Debug|Any CPU.ActiveCfg = Debug|Any CPU
		{EDB3C722-B9F8-4FB2-924D-2D1DF0C12767}.Debug|Any CPU.Build.0 = Debug|Any CPU
		{EDB3C722-B9F8-4FB2-924D-2D1DF0C12767}.Release|Any CPU.ActiveCfg = Release|Any CPU
		{EDB3C722-B9F8-4FB2-924D-2D1DF0C12767}.Release|Any CPU.Build.0 = Release|Any CPU
	EndGlobalSection
	GlobalSection(NestedProjects) = preSolution
		{22A4B014-8946-459F-8B55-BF0AA1AF7FBE} = {DC8ADF5C-7BBF-4221-94F1-E866B22EC165}
		{00EC4E8C-5465-4ED6-80CC-A768DF6B1FB7} = {DC8ADF5C-7BBF-4221-94F1-E866B22EC165}
		{06B09DC5-5E8D-4C41-9559-1CDE7D8C3390} = {DC8ADF5C-7BBF-4221-94F1-E866B22EC165}
		{6A9EC4EA-193A-493B-97AE-433D315EF598} = {22A4B014-8946-459F-8B55-BF0AA1AF7FBE}
		{754E9FF8-93F4-41F8-95D2-E7A4C0928D36} = {22A4B014-8946-459F-8B55-BF0AA1AF7FBE}
		{9B95A8B4-7E5E-4DA5-9B91-F45D85E2CC8E} = {00EC4E8C-5465-4ED6-80CC-A768DF6B1FB7}
		{EDB3C722-B9F8-4FB2-924D-2D1DF0C12767} = {06B09DC5-5E8D-4C41-9559-1CDE7D8C3390}
	EndGlobalSection
EndGlobal
